
Microsoft Visual Studio Solution File, Format Version 12.00
# Visual Studio Version 16
VisualStudioVersion = 16.6.30114.105
MinimumVisualStudioVersion = 10.0.40219.1
Project("{FAE04EC0-301F-11D3-BF4B-00C04F79EFBC}") = "ArrayNumberFile", "ArrayNumberFile\ArrayNumberFile.csproj", "{8C237E85-7DCB-4D51-8EFE-5CA6047D25DE}"
EndProject
Project("{FAE04EC0-301F-11D3-BF4B-00C04F79EFBC}") = "Calc2.0", "Calc2.0\Calc2.0.csproj", "{0C1520A2-9569-4571-B369-E5436CD233B5}"
EndProject
Project("{FAE04EC0-301F-11D3-BF4B-00C04F79EFBC}") = "FileRead", "FileRead\FileRead.csproj", "{3E8C1114-AAD7-41E7-8252-B34AE91F8A61}"
EndProject
Project("{FAE04EC0-301F-11D3-BF4B-00C04F79EFBC}") = "GeometricSequence", "GeometricSequence\GeometricSequence.csproj", "{1E0EBBA9-E0DA-47DB-ADFB-F38F9C466A6A}"
EndProject
Project("{FAE04EC0-301F-11D3-BF4B-00C04F79EFBC}") = "FibonacciSequence", "FibonacciSequence\FibonacciSequence.csproj", "{ABF6EBFA-5C36-4174-9AF7-ADB4CC2C8996}"
EndProject
Project("{FAE04EC0-301F-11D3-BF4B-00C04F79EFBC}") = "RandomNumberGenerator", "RandomNumberGenerator\RandomNumberGenerator.csproj", "{778D835E-87EE-48E7-89A1-C0F251F7F5FF}"
EndProject
Project("{FAE04EC0-301F-11D3-BF4B-00C04F79EFBC}") = "NumberSort", "NumberSort\NumberSort.csproj", "{FC7B45D0-0ED8-4A9E-9A45-6665754A88C2}"
EndProject
Project("{FAE04EC0-301F-11D3-BF4B-00C04F79EFBC}") = "ConsolePrint", "ConsolePrint\ConsolePrint.csproj", "{4CD847E1-C668-4C0D-8BE7-A7853DF0023F}"
EndProject
Project("{FAE04EC0-301F-11D3-BF4B-00C04F79EFBC}") = "TxtEditor", "TxtEditor\TxtEditor.csproj", "{A9F618D6-6313-4D79-82C7-E1ACD09101F8}"
EndProject
Project("{FAE04EC0-301F-11D3-BF4B-00C04F79EFBC}") = "WriteFile", "WriteFile\WriteFile.csproj", "{C9C094C1-F6F1-4371-80A0-32DB5E6F4A5C}"
EndProject
Project("{FAE04EC0-301F-11D3-BF4B-00C04F79EFBC}") = "AritmeticSequence", "AritmeticSequence\AritmeticSequence.csproj", "{E1C47C21-B517-44AC-82E8-A48ACCD428DC}"
EndProject
Global
	GlobalSection(SolutionConfigurationPlatforms) = preSolution
		Debug|Any CPU = Debug|Any CPU
		Debug|x64 = Debug|x64
		Debug|x86 = Debug|x86
		Release|Any CPU = Release|Any CPU
		Release|x64 = Release|x64
		Release|x86 = Release|x86
	EndGlobalSection
	GlobalSection(SolutionProperties) = preSolution
		HideSolutionNode = FALSE
	EndGlobalSection
	GlobalSection(ProjectConfigurationPlatforms) = postSolution
		{8C237E85-7DCB-4D51-8EFE-5CA6047D25DE}.Debug|Any CPU.ActiveCfg = Debug|Any CPU
		{8C237E85-7DCB-4D51-8EFE-5CA6047D25DE}.Debug|Any CPU.Build.0 = Debug|Any CPU
		{8C237E85-7DCB-4D51-8EFE-5CA6047D25DE}.Debug|x64.ActiveCfg = Debug|Any CPU
		{8C237E85-7DCB-4D51-8EFE-5CA6047D25DE}.Debug|x64.Build.0 = Debug|Any CPU
		{8C237E85-7DCB-4D51-8EFE-5CA6047D25DE}.Debug|x86.ActiveCfg = Debug|Any CPU
		{8C237E85-7DCB-4D51-8EFE-5CA6047D25DE}.Debug|x86.Build.0 = Debug|Any CPU
		{8C237E85-7DCB-4D51-8EFE-5CA6047D25DE}.Release|Any CPU.ActiveCfg = Release|Any CPU
		{8C237E85-7DCB-4D51-8EFE-5CA6047D25DE}.Release|Any CPU.Build.0 = Release|Any CPU
		{8C237E85-7DCB-4D51-8EFE-5CA6047D25DE}.Release|x64.ActiveCfg = Release|Any CPU
		{8C237E85-7DCB-4D51-8EFE-5CA6047D25DE}.Release|x64.Build.0 = Release|Any CPU
		{8C237E85-7DCB-4D51-8EFE-5CA6047D25DE}.Release|x86.ActiveCfg = Release|Any CPU
		{8C237E85-7DCB-4D51-8EFE-5CA6047D25DE}.Release|x86.Build.0 = Release|Any CPU
		{0C1520A2-9569-4571-B369-E5436CD233B5}.Debug|Any CPU.ActiveCfg = Debug|Any CPU
		{0C1520A2-9569-4571-B369-E5436CD233B5}.Debug|Any CPU.Build.0 = Debug|Any CPU
		{0C1520A2-9569-4571-B369-E5436CD233B5}.Debug|x64.ActiveCfg = Debug|Any CPU
		{0C1520A2-9569-4571-B369-E5436CD233B5}.Debug|x64.Build.0 = Debug|Any CPU
		{0C1520A2-9569-4571-B369-E5436CD233B5}.Debug|x86.ActiveCfg = Debug|Any CPU
		{0C1520A2-9569-4571-B369-E5436CD233B5}.Debug|x86.Build.0 = Debug|Any CPU
		{0C1520A2-9569-4571-B369-E5436CD233B5}.Release|Any CPU.ActiveCfg = Release|Any CPU
		{0C1520A2-9569-4571-B369-E5436CD233B5}.Release|Any CPU.Build.0 = Release|Any CPU
		{0C1520A2-9569-4571-B369-E5436CD233B5}.Release|x64.ActiveCfg = Release|Any CPU
		{0C1520A2-9569-4571-B369-E5436CD233B5}.Release|x64.Build.0 = Release|Any CPU
		{0C1520A2-9569-4571-B369-E5436CD233B5}.Release|x86.ActiveCfg = Release|Any CPU
		{0C1520A2-9569-4571-B369-E5436CD233B5}.Release|x86.Build.0 = Release|Any CPU
		{3E8C1114-AAD7-41E7-8252-B34AE91F8A61}.Debug|Any CPU.ActiveCfg = Debug|Any CPU
		{3E8C1114-AAD7-41E7-8252-B34AE91F8A61}.Debug|Any CPU.Build.0 = Debug|Any CPU
		{3E8C1114-AAD7-41E7-8252-B34AE91F8A61}.Debug|x64.ActiveCfg = Debug|Any CPU
		{3E8C1114-AAD7-41E7-8252-B34AE91F8A61}.Debug|x64.Build.0 = Debug|Any CPU
		{3E8C1114-AAD7-41E7-8252-B34AE91F8A61}.Debug|x86.ActiveCfg = Debug|Any CPU
		{3E8C1114-AAD7-41E7-8252-B34AE91F8A61}.Debug|x86.Build.0 = Debug|Any CPU
		{3E8C1114-AAD7-41E7-8252-B34AE91F8A61}.Release|Any CPU.ActiveCfg = Release|Any CPU
		{3E8C1114-AAD7-41E7-8252-B34AE91F8A61}.Release|Any CPU.Build.0 = Release|Any CPU
		{3E8C1114-AAD7-41E7-8252-B34AE91F8A61}.Release|x64.ActiveCfg = Release|Any CPU
		{3E8C1114-AAD7-41E7-8252-B34AE91F8A61}.Release|x64.Build.0 = Release|Any CPU
		{3E8C1114-AAD7-41E7-8252-B34AE91F8A61}.Release|x86.ActiveCfg = Release|Any CPU
		{3E8C1114-AAD7-41E7-8252-B34AE91F8A61}.Release|x86.Build.0 = Release|Any CPU
		{1E0EBBA9-E0DA-47DB-ADFB-F38F9C466A6A}.Debug|Any CPU.ActiveCfg = Debug|Any CPU
		{1E0EBBA9-E0DA-47DB-ADFB-F38F9C466A6A}.Debug|Any CPU.Build.0 = Debug|Any CPU
		{1E0EBBA9-E0DA-47DB-ADFB-F38F9C466A6A}.Debug|x64.ActiveCfg = Debug|Any CPU
		{1E0EBBA9-E0DA-47DB-ADFB-F38F9C466A6A}.Debug|x64.Build.0 = Debug|Any CPU
		{1E0EBBA9-E0DA-47DB-ADFB-F38F9C466A6A}.Debug|x86.ActiveCfg = Debug|Any CPU
		{1E0EBBA9-E0DA-47DB-ADFB-F38F9C466A6A}.Debug|x86.Build.0 = Debug|Any CPU
		{1E0EBBA9-E0DA-47DB-ADFB-F38F9C466A6A}.Release|Any CPU.ActiveCfg = Release|Any CPU
		{1E0EBBA9-E0DA-47DB-ADFB-F38F9C466A6A}.Release|Any CPU.Build.0 = Release|Any CPU
		{1E0EBBA9-E0DA-47DB-ADFB-F38F9C466A6A}.Release|x64.ActiveCfg = Release|Any CPU
		{1E0EBBA9-E0DA-47DB-ADFB-F38F9C466A6A}.Release|x64.Build.0 = Release|Any CPU
		{1E0EBBA9-E0DA-47DB-ADFB-F38F9C466A6A}.Release|x86.ActiveCfg = Release|Any CPU
		{1E0EBBA9-E0DA-47DB-ADFB-F38F9C466A6A}.Release|x86.Build.0 = Release|Any CPU
		{ABF6EBFA-5C36-4174-9AF7-ADB4CC2C8996}.Debug|Any CPU.ActiveCfg = Debug|Any CPU
		{ABF6EBFA-5C36-4174-9AF7-ADB4CC2C8996}.Debug|Any CPU.Build.0 = Debug|Any CPU
		{ABF6EBFA-5C36-4174-9AF7-ADB4CC2C8996}.Debug|x64.ActiveCfg = Debug|Any CPU
		{ABF6EBFA-5C36-4174-9AF7-ADB4CC2C8996}.Debug|x64.Build.0 = Debug|Any CPU
		{ABF6EBFA-5C36-4174-9AF7-ADB4CC2C8996}.Debug|x86.ActiveCfg = Debug|Any CPU
		{ABF6EBFA-5C36-4174-9AF7-ADB4CC2C8996}.Debug|x86.Build.0 = Debug|Any CPU
		{ABF6EBFA-5C36-4174-9AF7-ADB4CC2C8996}.Release|Any CPU.ActiveCfg = Release|Any CPU
		{ABF6EBFA-5C36-4174-9AF7-ADB4CC2C8996}.Release|Any CPU.Build.0 = Release|Any CPU
		{ABF6EBFA-5C36-4174-9AF7-ADB4CC2C8996}.Release|x64.ActiveCfg = Release|Any CPU
		{ABF6EBFA-5C36-4174-9AF7-ADB4CC2C8996}.Release|x64.Build.0 = Release|Any CPU
		{ABF6EBFA-5C36-4174-9AF7-ADB4CC2C8996}.Release|x86.ActiveCfg = Release|Any CPU
		{ABF6EBFA-5C36-4174-9AF7-ADB4CC2C8996}.Release|x86.Build.0 = Release|Any CPU
		{778D835E-87EE-48E7-89A1-C0F251F7F5FF}.Debug|Any CPU.ActiveCfg = Debug|Any CPU
		{778D835E-87EE-48E7-89A1-C0F251F7F5FF}.Debug|Any CPU.Build.0 = Debug|Any CPU
		{778D835E-87EE-48E7-89A1-C0F251F7F5FF}.Debug|x64.ActiveCfg = Debug|Any CPU
		{778D835E-87EE-48E7-89A1-C0F251F7F5FF}.Debug|x64.Build.0 = Debug|Any CPU
		{778D835E-87EE-48E7-89A1-C0F251F7F5FF}.Debug|x86.ActiveCfg = Debug|Any CPU
		{778D835E-87EE-48E7-89A1-C0F251F7F5FF}.Debug|x86.Build.0 = Debug|Any CPU
		{778D835E-87EE-48E7-89A1-C0F251F7F5FF}.Release|Any CPU.ActiveCfg = Release|Any CPU
		{778D835E-87EE-48E7-89A1-C0F251F7F5FF}.Release|Any CPU.Build.0 = Release|Any CPU
		{778D835E-87EE-48E7-89A1-C0F251F7F5FF}.Release|x64.ActiveCfg = Release|Any CPU
		{778D835E-87EE-48E7-89A1-C0F251F7F5FF}.Release|x64.Build.0 = Release|Any CPU
		{778D835E-87EE-48E7-89A1-C0F251F7F5FF}.Release|x86.ActiveCfg = Release|Any CPU
		{778D835E-87EE-48E7-89A1-C0F251F7F5FF}.Release|x86.Build.0 = Release|Any CPU
		{FC7B45D0-0ED8-4A9E-9A45-6665754A88C2}.Debug|Any CPU.ActiveCfg = Debug|Any CPU
		{FC7B45D0-0ED8-4A9E-9A45-6665754A88C2}.Debug|Any CPU.Build.0 = Debug|Any CPU
		{FC7B45D0-0ED8-4A9E-9A45-6665754A88C2}.Debug|x64.ActiveCfg = Debug|Any CPU
		{FC7B45D0-0ED8-4A9E-9A45-6665754A88C2}.Debug|x64.Build.0 = Debug|Any CPU
		{FC7B45D0-0ED8-4A9E-9A45-6665754A88C2}.Debug|x86.ActiveCfg = Debug|Any CPU
		{FC7B45D0-0ED8-4A9E-9A45-6665754A88C2}.Debug|x86.Build.0 = Debug|Any CPU
		{FC7B45D0-0ED8-4A9E-9A45-6665754A88C2}.Release|Any CPU.ActiveCfg = Release|Any CPU
		{FC7B45D0-0ED8-4A9E-9A45-6665754A88C2}.Release|Any CPU.Build.0 = Release|Any CPU
		{FC7B45D0-0ED8-4A9E-9A45-6665754A88C2}.Release|x64.ActiveCfg = Release|Any CPU
		{FC7B45D0-0ED8-4A9E-9A45-6665754A88C2}.Release|x64.Build.0 = Release|Any CPU
		{FC7B45D0-0ED8-4A9E-9A45-6665754A88C2}.Release|x86.ActiveCfg = Release|Any CPU
		{FC7B45D0-0ED8-4A9E-9A45-6665754A88C2}.Release|x86.Build.0 = Release|Any CPU
		{4CD847E1-C668-4C0D-8BE7-A7853DF0023F}.Debug|Any CPU.ActiveCfg = Debug|Any CPU
		{4CD847E1-C668-4C0D-8BE7-A7853DF0023F}.Debug|Any CPU.Build.0 = Debug|Any CPU
		{4CD847E1-C668-4C0D-8BE7-A7853DF0023F}.Debug|x64.ActiveCfg = Debug|Any CPU
		{4CD847E1-C668-4C0D-8BE7-A7853DF0023F}.Debug|x64.Build.0 = Debug|Any CPU
		{4CD847E1-C668-4C0D-8BE7-A7853DF0023F}.Debug|x86.ActiveCfg = Debug|Any CPU
		{4CD847E1-C668-4C0D-8BE7-A7853DF0023F}.Debug|x86.Build.0 = Debug|Any CPU
		{4CD847E1-C668-4C0D-8BE7-A7853DF0023F}.Release|Any CPU.ActiveCfg = Release|Any CPU
		{4CD847E1-C668-4C0D-8BE7-A7853DF0023F}.Release|Any CPU.Build.0 = Release|Any CPU
		{4CD847E1-C668-4C0D-8BE7-A7853DF0023F}.Release|x64.ActiveCfg = Release|Any CPU
		{4CD847E1-C668-4C0D-8BE7-A7853DF0023F}.Release|x64.Build.0 = Release|Any CPU
		{4CD847E1-C668-4C0D-8BE7-A7853DF0023F}.Release|x86.ActiveCfg = Release|Any CPU
		{4CD847E1-C668-4C0D-8BE7-A7853DF0023F}.Release|x86.Build.0 = Release|Any CPU
		{A9F618D6-6313-4D79-82C7-E1ACD09101F8}.Debug|Any CPU.ActiveCfg = Debug|Any CPU
		{A9F618D6-6313-4D79-82C7-E1ACD09101F8}.Debug|Any CPU.Build.0 = Debug|Any CPU
		{A9F618D6-6313-4D79-82C7-E1ACD09101F8}.Debug|x64.ActiveCfg = Debug|Any CPU
		{A9F618D6-6313-4D79-82C7-E1ACD09101F8}.Debug|x64.Build.0 = Debug|Any CPU
		{A9F618D6-6313-4D79-82C7-E1ACD09101F8}.Debug|x86.ActiveCfg = Debug|Any CPU
		{A9F618D6-6313-4D79-82C7-E1ACD09101F8}.Debug|x86.Build.0 = Debug|Any CPU
		{A9F618D6-6313-4D79-82C7-E1ACD09101F8}.Release|Any CPU.ActiveCfg = Release|Any CPU
		{A9F618D6-6313-4D79-82C7-E1ACD09101F8}.Release|Any CPU.Build.0 = Release|Any CPU
		{A9F618D6-6313-4D79-82C7-E1ACD09101F8}.Release|x64.ActiveCfg = Release|Any CPU
		{A9F618D6-6313-4D79-82C7-E1ACD09101F8}.Release|x64.Build.0 = Release|Any CPU
		{A9F618D6-6313-4D79-82C7-E1ACD09101F8}.Release|x86.ActiveCfg = Release|Any CPU
		{A9F618D6-6313-4D79-82C7-E1ACD09101F8}.Release|x86.Build.0 = Release|Any CPU
		{C9C094C1-F6F1-4371-80A0-32DB5E6F4A5C}.Debug|Any CPU.ActiveCfg = Debug|Any CPU
		{C9C094C1-F6F1-4371-80A0-32DB5E6F4A5C}.Debug|Any CPU.Build.0 = Debug|Any CPU
		{C9C094C1-F6F1-4371-80A0-32DB5E6F4A5C}.Debug|x64.ActiveCfg = Debug|Any CPU
		{C9C094C1-F6F1-4371-80A0-32DB5E6F4A5C}.Debug|x64.Build.0 = Debug|Any CPU
		{C9C094C1-F6F1-4371-80A0-32DB5E6F4A5C}.Debug|x86.ActiveCfg = Debug|Any CPU
		{C9C094C1-F6F1-4371-80A0-32DB5E6F4A5C}.Debug|x86.Build.0 = Debug|Any CPU
		{C9C094C1-F6F1-4371-80A0-32DB5E6F4A5C}.Release|Any CPU.ActiveCfg = Release|Any CPU
		{C9C094C1-F6F1-4371-80A0-32DB5E6F4A5C}.Release|Any CPU.Build.0 = Release|Any CPU
		{C9C094C1-F6F1-4371-80A0-32DB5E6F4A5C}.Release|x64.ActiveCfg = Release|Any CPU
		{C9C094C1-F6F1-4371-80A0-32DB5E6F4A5C}.Release|x64.Build.0 = Release|Any CPU
		{C9C094C1-F6F1-4371-80A0-32DB5E6F4A5C}.Release|x86.ActiveCfg = Release|Any CPU
		{C9C094C1-F6F1-4371-80A0-32DB5E6F4A5C}.Release|x86.Build.0 = Release|Any CPU
		{E1C47C21-B517-44AC-82E8-A48ACCD428DC}.Debug|Any CPU.ActiveCfg = Debug|Any CPU
		{E1C47C21-B517-44AC-82E8-A48ACCD428DC}.Debug|Any CPU.Build.0 = Debug|Any CPU
		{E1C47C21-B517-44AC-82E8-A48ACCD428DC}.Debug|x64.ActiveCfg = Debug|Any CPU
		{E1C47C21-B517-44AC-82E8-A48ACCD428DC}.Debug|x64.Build.0 = Debug|Any CPU
		{E1C47C21-B517-44AC-82E8-A48ACCD428DC}.Debug|x86.ActiveCfg = Debug|Any CPU
		{E1C47C21-B517-44AC-82E8-A48ACCD428DC}.Debug|x86.Build.0 = Debug|Any CPU
		{E1C47C21-B517-44AC-82E8-A48ACCD428DC}.Release|Any CPU.ActiveCfg = Release|Any CPU
		{E1C47C21-B517-44AC-82E8-A48ACCD428DC}.Release|Any CPU.Build.0 = Release|Any CPU
		{E1C47C21-B517-44AC-82E8-A48ACCD428DC}.Release|x64.ActiveCfg = Release|Any CPU
		{E1C47C21-B517-44AC-82E8-A48ACCD428DC}.Release|x64.Build.0 = Release|Any CPU
		{E1C47C21-B517-44AC-82E8-A48ACCD428DC}.Release|x86.ActiveCfg = Release|Any CPU
		{E1C47C21-B517-44AC-82E8-A48ACCD428DC}.Release|x86.Build.0 = Release|Any CPU
	EndGlobalSection
EndGlobal
